
Microsoft Visual Studio Solution File, Format Version 12.00
# Visual Studio Version 17
VisualStudioVersion = 17.9.34616.47
MinimumVisualStudioVersion = 10.0.40219.1
Project("{FAE04EC0-301F-11D3-BF4B-00C04F79EFBC}") = "RsystemsAssignment", "RsystemsAssignment\RsystemsAssignment.csproj", "{08C65D5D-2831-4CB5-9CD4-52A779332444}"
EndProject
Project("{FAE04EC0-301F-11D3-BF4B-00C04F79EFBC}") = "RsystemsAssignment.Business", "RsystemsAssignment.Business\RsystemsAssignment.Business.csproj", "{BEB73F3D-BD6A-41CE-B234-8C1CFB1E0E75}"
EndProject
Project("{FAE04EC0-301F-11D3-BF4B-00C04F79EFBC}") = "RsystemsAssignment.Data", "RsystemsAssignment.Data\RsystemsAssignment.Data.csproj", "{307FAF9D-C08C-4B2C-B19C-F52B81565FCB}"
EndProject
Project("{FAE04EC0-301F-11D3-BF4B-00C04F79EFBC}") = "RsystemsAssignment.Tests", "RsystemsAssignment.Tests\RsystemsAssignment.Tests.csproj", "{B6D3CABA-DE1C-4369-BECF-21C2FB622021}"
EndProject
Project("{FAE04EC0-301F-11D3-BF4B-00C04F79EFBC}") = "RsystemsAssignment.API", "RsystemsAssignment.API\RsystemsAssignment.API.csproj", "{3A10C015-51B6-4BE7-9C7D-B5242A39ADD8}"
EndProject
Global
	GlobalSection(SolutionConfigurationPlatforms) = preSolution
		Debug|Any CPU = Debug|Any CPU
		Release|Any CPU = Release|Any CPU
	EndGlobalSection
	GlobalSection(ProjectConfigurationPlatforms) = postSolution
		{08C65D5D-2831-4CB5-9CD4-52A779332444}.Debug|Any CPU.ActiveCfg = Debug|Any CPU
		{08C65D5D-2831-4CB5-9CD4-52A779332444}.Debug|Any CPU.Build.0 = Debug|Any CPU
		{08C65D5D-2831-4CB5-9CD4-52A779332444}.Release|Any CPU.ActiveCfg = Release|Any CPU
		{08C65D5D-2831-4CB5-9CD4-52A779332444}.Release|Any CPU.Build.0 = Release|Any CPU
		{BEB73F3D-BD6A-41CE-B234-8C1CFB1E0E75}.Debug|Any CPU.ActiveCfg = Debug|Any CPU
		{BEB73F3D-BD6A-41CE-B234-8C1CFB1E0E75}.Debug|Any CPU.Build.0 = Debug|Any CPU
		{BEB73F3D-BD6A-41CE-B234-8C1CFB1E0E75}.Release|Any CPU.ActiveCfg = Release|Any CPU
		{BEB73F3D-BD6A-41CE-B234-8C1CFB1E0E75}.Release|Any CPU.Build.0 = Release|Any CPU
		{307FAF9D-C08C-4B2C-B19C-F52B81565FCB}.Debug|Any CPU.ActiveCfg = Debug|Any CPU
		{307FAF9D-C08C-4B2C-B19C-F52B81565FCB}.Debug|Any CPU.Build.0 = Debug|Any CPU
		{307FAF9D-C08C-4B2C-B19C-F52B81565FCB}.Release|Any CPU.ActiveCfg = Release|Any CPU
		{307FAF9D-C08C-4B2C-B19C-F52B81565FCB}.Release|Any CPU.Build.0 = Release|Any CPU
		{B6D3CABA-DE1C-4369-BECF-21C2FB622021}.Debug|Any CPU.ActiveCfg = Debug|Any CPU
		{B6D3CABA-DE1C-4369-BECF-21C2FB622021}.Debug|Any CPU.Build.0 = Debug|Any CPU
		{B6D3CABA-DE1C-4369-BECF-21C2FB622021}.Release|Any CPU.ActiveCfg = Release|Any CPU
		{B6D3CABA-DE1C-4369-BECF-21C2FB622021}.Release|Any CPU.Build.0 = Release|Any CPU
		{3A10C015-51B6-4BE7-9C7D-B5242A39ADD8}.Debug|Any CPU.ActiveCfg = Debug|Any CPU
		{3A10C015-51B6-4BE7-9C7D-B5242A39ADD8}.Debug|Any CPU.Build.0 = Debug|Any CPU
		{3A10C015-51B6-4BE7-9C7D-B5242A39ADD8}.Release|Any CPU.ActiveCfg = Release|Any CPU
		{3A10C015-51B6-4BE7-9C7D-B5242A39ADD8}.Release|Any CPU.Build.0 = Release|Any CPU
	EndGlobalSection
	GlobalSection(SolutionProperties) = preSolution
		HideSolutionNode = FALSE
	EndGlobalSection
	GlobalSection(ExtensibilityGlobals) = postSolution
		SolutionGuid = {6131C65C-AEBD-4B09-BC50-0BAFC8385604}
	EndGlobalSection
EndGlobal
